// !$*UTF8*$!
{
	archiveVersion = 1;
	classes = {
	};
	objectVersion = 50;
	objects = {

/* Begin PBXBuildFile section */
		29E1886024DD4BFB00AA9AF3 /* LZMWebViewSDK.h in Headers */ = {isa = PBXBuildFile; fileRef = 29E1885E24DD4BFB00AA9AF3 /* LZMWebViewSDK.h */; settings = {ATTRIBUTES = (Public, ); }; };
		29E1886824DD4C3F00AA9AF3 /* LZMTestViewController.m in Sources */ = {isa = PBXBuildFile; fileRef = 29E1886624DD4C3F00AA9AF3 /* LZMTestViewController.m */; };
		29E1886924DD4C3F00AA9AF3 /* LZMTestViewController.h in Headers */ = {isa = PBXBuildFile; fileRef = 29E1886724DD4C3F00AA9AF3 /* LZMTestViewController.h */; settings = {ATTRIBUTES = (Public, ); }; };
		29E1886B24DD4C8C00AA9AF3 /* PrefixHeader.pch in Headers */ = {isa = PBXBuildFile; fileRef = 29E1886A24DD4C8C00AA9AF3 /* PrefixHeader.pch */; };
		29E1886F24DD4CD100AA9AF3 /* LZMSDKUtils.h in Headers */ = {isa = PBXBuildFile; fileRef = 29E1886D24DD4CD100AA9AF3 /* LZMSDKUtils.h */; };
		29E1887024DD4CD100AA9AF3 /* LZMSDKUtils.m in Sources */ = {isa = PBXBuildFile; fileRef = 29E1886E24DD4CD100AA9AF3 /* LZMSDKUtils.m */; };
		29E1887424DD4D8300AA9AF3 /* LZMWebSDK.h in Headers */ = {isa = PBXBuildFile; fileRef = 29E1887224DD4D8300AA9AF3 /* LZMWebSDK.h */; settings = {ATTRIBUTES = (Public, ); }; };
		29E1887524DD4D8300AA9AF3 /* LZMWebSDK.m in Sources */ = {isa = PBXBuildFile; fileRef = 29E1887324DD4D8300AA9AF3 /* LZMWebSDK.m */; };
		29E1887B24DD4E1600AA9AF3 /* LZMWebController.m in Sources */ = {isa = PBXBuildFile; fileRef = 29E1887724DD4E1600AA9AF3 /* LZMWebController.m */; };
		29E1887C24DD4E1600AA9AF3 /* LZMWebViewNavView.h in Headers */ = {isa = PBXBuildFile; fileRef = 29E1887824DD4E1600AA9AF3 /* LZMWebViewNavView.h */; };
		29E1887D24DD4E1600AA9AF3 /* LZMWebController.h in Headers */ = {isa = PBXBuildFile; fileRef = 29E1887924DD4E1600AA9AF3 /* LZMWebController.h */; };
		29E1887E24DD4E1600AA9AF3 /* LZMWebViewNavView.m in Sources */ = {isa = PBXBuildFile; fileRef = 29E1887A24DD4E1600AA9AF3 /* LZMWebViewNavView.m */; };
		29E1888024DD4E2200AA9AF3 /* LZMWebViewSDK.bundle in Resources */ = {isa = PBXBuildFile; fileRef = 29E1887F24DD4E2200AA9AF3 /* LZMWebViewSDK.bundle */; };
		29E1888924DD4E3A00AA9AF3 /* AppDelegate.m in Sources */ = {isa = PBXBuildFile; fileRef = 29E1888824DD4E3A00AA9AF3 /* AppDelegate.m */; };
		29E1888F24DD4E3A00AA9AF3 /* ViewController.m in Sources */ = {isa = PBXBuildFile; fileRef = 29E1888E24DD4E3A00AA9AF3 /* ViewController.m */; };
		29E1889224DD4E3B00AA9AF3 /* Main.storyboard in Resources */ = {isa = PBXBuildFile; fileRef = 29E1889024DD4E3B00AA9AF3 /* Main.storyboard */; };
		29E1889424DD4E3C00AA9AF3 /* Assets.xcassets in Resources */ = {isa = PBXBuildFile; fileRef = 29E1889324DD4E3C00AA9AF3 /* Assets.xcassets */; };
		29E1889724DD4E3C00AA9AF3 /* LaunchScreen.storyboard in Resources */ = {isa = PBXBuildFile; fileRef = 29E1889524DD4E3C00AA9AF3 /* LaunchScreen.storyboard */; };
		29E1889A24DD4E3C00AA9AF3 /* main.m in Sources */ = {isa = PBXBuildFile; fileRef = 29E1889924DD4E3C00AA9AF3 /* main.m */; };
		29E1889E24DD4E4700AA9AF3 /* LZMWebViewSDK.framework in Frameworks */ = {isa = PBXBuildFile; fileRef = 29E1885B24DD4BFB00AA9AF3 /* LZMWebViewSDK.framework */; };
		29E1889F24DD4E4700AA9AF3 /* LZMWebViewSDK.framework in Embed Frameworks */ = {isa = PBXBuildFile; fileRef = 29E1885B24DD4BFB00AA9AF3 /* LZMWebViewSDK.framework */; settings = {ATTRIBUTES = (CodeSignOnCopy, RemoveHeadersOnCopy, ); }; };
		29E188A324DD4FF700AA9AF3 /* LZMWebViewSDK.bundle in Resources */ = {isa = PBXBuildFile; fileRef = 29E1887F24DD4E2200AA9AF3 /* LZMWebViewSDK.bundle */; };
		29E188A624DD509500AA9AF3 /* DemoSDKDelegate.m in Sources */ = {isa = PBXBuildFile; fileRef = 29E188A524DD509500AA9AF3 /* DemoSDKDelegate.m */; };
		29E188A924DD53CE00AA9AF3 /* LZMWebViewHelper.h in Headers */ = {isa = PBXBuildFile; fileRef = 29E188A724DD53CE00AA9AF3 /* LZMWebViewHelper.h */; };
		29E188AA24DD53CE00AA9AF3 /* LZMWebViewHelper.m in Sources */ = {isa = PBXBuildFile; fileRef = 29E188A824DD53CE00AA9AF3 /* LZMWebViewHelper.m */; };
		29E188AD24DD54B500AA9AF3 /* NSString+LZMWebViewSDK.h in Headers */ = {isa = PBXBuildFile; fileRef = 29E188AB24DD54B500AA9AF3 /* NSString+LZMWebViewSDK.h */; };
		29E188AE24DD54B500AA9AF3 /* NSString+LZMWebViewSDK.m in Sources */ = {isa = PBXBuildFile; fileRef = 29E188AC24DD54B500AA9AF3 /* NSString+LZMWebViewSDK.m */; };
		29E188B124DD563200AA9AF3 /* WkScriptMessageDelegate.m in Sources */ = {isa = PBXBuildFile; fileRef = 29E188AF24DD563200AA9AF3 /* WkScriptMessageDelegate.m */; };
		29E188B224DD563200AA9AF3 /* WkScriptMessageDelegate.h in Headers */ = {isa = PBXBuildFile; fileRef = 29E188B024DD563200AA9AF3 /* WkScriptMessageDelegate.h */; };
		29E188B524DD56F100AA9AF3 /* LZMWebViewFunctionHandle.h in Headers */ = {isa = PBXBuildFile; fileRef = 29E188B324DD56F100AA9AF3 /* LZMWebViewFunctionHandle.h */; };
		29E188B624DD56F100AA9AF3 /* LZMWebViewFunctionHandle.m in Sources */ = {isa = PBXBuildFile; fileRef = 29E188B424DD56F100AA9AF3 /* LZMWebViewFunctionHandle.m */; };
		29E188B824DD5B7000AA9AF3 /* test.html in Resources */ = {isa = PBXBuildFile; fileRef = 29E188B724DD5B7000AA9AF3 /* test.html */; };
		4362938615819CB173875294 /* Pods_LZMWebViewSDKExample.framework in Frameworks */ = {isa = PBXBuildFile; fileRef = E95518B5AEF57B4D3AB8AB1B /* Pods_LZMWebViewSDKExample.framework */; };
		A2650827C57B2AC1589387FC /* Pods_LZMWebViewSDK.framework in Frameworks */ = {isa = PBXBuildFile; fileRef = AFCB4890F547B05B60E10968 /* Pods_LZMWebViewSDK.framework */; };
/* End PBXBuildFile section */

/* Begin PBXContainerItemProxy section */
		29E188A024DD4E4700AA9AF3 /* PBXContainerItemProxy */ = {
			isa = PBXContainerItemProxy;
			containerPortal = 29E1885224DD4BFB00AA9AF3 /* Project object */;
			proxyType = 1;
			remoteGlobalIDString = 29E1885A24DD4BFB00AA9AF3;
			remoteInfo = LZMWebViewSDK;
		};
/* End PBXContainerItemProxy section */

/* Begin PBXCopyFilesBuildPhase section */
		29E188A224DD4E4700AA9AF3 /* Embed Frameworks */ = {
			isa = PBXCopyFilesBuildPhase;
			buildActionMask = 2147483647;
			dstPath = "";
			dstSubfolderSpec = 10;
			files = (
				29E1889F24DD4E4700AA9AF3 /* LZMWebViewSDK.framework in Embed Frameworks */,
			);
			name = "Embed Frameworks";
			runOnlyForDeploymentPostprocessing = 0;
		};
/* End PBXCopyFilesBuildPhase section */

/* Begin PBXFileReference section */
		0305F60343A1D5FCAA7C2641 /* Pods-LZMWebViewSDK.debug.xcconfig */ = {isa = PBXFileReference; includeInIndex = 1; lastKnownFileType = text.xcconfig; name = "Pods-LZMWebViewSDK.debug.xcconfig"; path = "Target Support Files/Pods-LZMWebViewSDK/Pods-LZMWebViewSDK.debug.xcconfig"; sourceTree = "<group>"; };
		29E1885B24DD4BFB00AA9AF3 /* LZMWebViewSDK.framework */ = {isa = PBXFileReference; explicitFileType = wrapper.framework; includeInIndex = 0; path = LZMWebViewSDK.framework; sourceTree = BUILT_PRODUCTS_DIR; };
		29E1885E24DD4BFB00AA9AF3 /* LZMWebViewSDK.h */ = {isa = PBXFileReference; lastKnownFileType = sourcecode.c.h; path = LZMWebViewSDK.h; sourceTree = "<group>"; };
		29E1885F24DD4BFB00AA9AF3 /* Info.plist */ = {isa = PBXFileReference; lastKnownFileType = text.plist.xml; path = Info.plist; sourceTree = "<group>"; };
		29E1886624DD4C3F00AA9AF3 /* LZMTestViewController.m */ = {isa = PBXFileReference; fileEncoding = 4; lastKnownFileType = sourcecode.c.objc; path = LZMTestViewController.m; sourceTree = "<group>"; };
		29E1886724DD4C3F00AA9AF3 /* LZMTestViewController.h */ = {isa = PBXFileReference; fileEncoding = 4; lastKnownFileType = sourcecode.c.h; path = LZMTestViewController.h; sourceTree = "<group>"; };
		29E1886A24DD4C8C00AA9AF3 /* PrefixHeader.pch */ = {isa = PBXFileReference; lastKnownFileType = sourcecode.c.h; path = PrefixHeader.pch; sourceTree = "<group>"; };
		29E1886D24DD4CD100AA9AF3 /* LZMSDKUtils.h */ = {isa = PBXFileReference; fileEncoding = 4; lastKnownFileType = sourcecode.c.h; path = LZMSDKUtils.h; sourceTree = "<group>"; };
		29E1886E24DD4CD100AA9AF3 /* LZMSDKUtils.m */ = {isa = PBXFileReference; fileEncoding = 4; lastKnownFileType = sourcecode.c.objc; path = LZMSDKUtils.m; sourceTree = "<group>"; };
		29E1887224DD4D8300AA9AF3 /* LZMWebSDK.h */ = {isa = PBXFileReference; fileEncoding = 4; lastKnownFileType = sourcecode.c.h; path = LZMWebSDK.h; sourceTree = "<group>"; };
		29E1887324DD4D8300AA9AF3 /* LZMWebSDK.m */ = {isa = PBXFileReference; fileEncoding = 4; lastKnownFileType = sourcecode.c.objc; path = LZMWebSDK.m; sourceTree = "<group>"; };
		29E1887724DD4E1600AA9AF3 /* LZMWebController.m */ = {isa = PBXFileReference; fileEncoding = 4; lastKnownFileType = sourcecode.c.objc; path = LZMWebController.m; sourceTree = "<group>"; };
		29E1887824DD4E1600AA9AF3 /* LZMWebViewNavView.h */ = {isa = PBXFileReference; fileEncoding = 4; lastKnownFileType = sourcecode.c.h; path = LZMWebViewNavView.h; sourceTree = "<group>"; };
		29E1887924DD4E1600AA9AF3 /* LZMWebController.h */ = {isa = PBXFileReference; fileEncoding = 4; lastKnownFileType = sourcecode.c.h; path = LZMWebController.h; sourceTree = "<group>"; };
		29E1887A24DD4E1600AA9AF3 /* LZMWebViewNavView.m */ = {isa = PBXFileReference; fileEncoding = 4; lastKnownFileType = sourcecode.c.objc; path = LZMWebViewNavView.m; sourceTree = "<group>"; };
		29E1887F24DD4E2200AA9AF3 /* LZMWebViewSDK.bundle */ = {isa = PBXFileReference; lastKnownFileType = "wrapper.plug-in"; path = LZMWebViewSDK.bundle; sourceTree = "<group>"; };
		29E1888524DD4E3A00AA9AF3 /* LZMWebViewSDKExample.app */ = {isa = PBXFileReference; explicitFileType = wrapper.application; includeInIndex = 0; path = LZMWebViewSDKExample.app; sourceTree = BUILT_PRODUCTS_DIR; };
		29E1888724DD4E3A00AA9AF3 /* AppDelegate.h */ = {isa = PBXFileReference; lastKnownFileType = sourcecode.c.h; path = AppDelegate.h; sourceTree = "<group>"; };
		29E1888824DD4E3A00AA9AF3 /* AppDelegate.m */ = {isa = PBXFileReference; lastKnownFileType = sourcecode.c.objc; path = AppDelegate.m; sourceTree = "<group>"; };
		29E1888D24DD4E3A00AA9AF3 /* ViewController.h */ = {isa = PBXFileReference; lastKnownFileType = sourcecode.c.h; path = ViewController.h; sourceTree = "<group>"; };
		29E1888E24DD4E3A00AA9AF3 /* ViewController.m */ = {isa = PBXFileReference; lastKnownFileType = sourcecode.c.objc; path = ViewController.m; sourceTree = "<group>"; };
		29E1889124DD4E3B00AA9AF3 /* Base */ = {isa = PBXFileReference; lastKnownFileType = file.storyboard; name = Base; path = Base.lproj/Main.storyboard; sourceTree = "<group>"; };
		29E1889324DD4E3C00AA9AF3 /* Assets.xcassets */ = {isa = PBXFileReference; lastKnownFileType = folder.assetcatalog; path = Assets.xcassets; sourceTree = "<group>"; };
		29E1889624DD4E3C00AA9AF3 /* Base */ = {isa = PBXFileReference; lastKnownFileType = file.storyboard; name = Base; path = Base.lproj/LaunchScreen.storyboard; sourceTree = "<group>"; };
		29E1889824DD4E3C00AA9AF3 /* Info.plist */ = {isa = PBXFileReference; lastKnownFileType = text.plist.xml; path = Info.plist; sourceTree = "<group>"; };
		29E1889924DD4E3C00AA9AF3 /* main.m */ = {isa = PBXFileReference; lastKnownFileType = sourcecode.c.objc; path = main.m; sourceTree = "<group>"; };
		29E188A424DD509500AA9AF3 /* DemoSDKDelegate.h */ = {isa = PBXFileReference; lastKnownFileType = sourcecode.c.h; path = DemoSDKDelegate.h; sourceTree = "<group>"; };
		29E188A524DD509500AA9AF3 /* DemoSDKDelegate.m */ = {isa = PBXFileReference; lastKnownFileType = sourcecode.c.objc; path = DemoSDKDelegate.m; sourceTree = "<group>"; };
		29E188A724DD53CE00AA9AF3 /* LZMWebViewHelper.h */ = {isa = PBXFileReference; fileEncoding = 4; lastKnownFileType = sourcecode.c.h; path = LZMWebViewHelper.h; sourceTree = "<group>"; };
		29E188A824DD53CE00AA9AF3 /* LZMWebViewHelper.m */ = {isa = PBXFileReference; fileEncoding = 4; lastKnownFileType = sourcecode.c.objc; path = LZMWebViewHelper.m; sourceTree = "<group>"; };
		29E188AB24DD54B500AA9AF3 /* NSString+LZMWebViewSDK.h */ = {isa = PBXFileReference; lastKnownFileType = sourcecode.c.h; path = "NSString+LZMWebViewSDK.h"; sourceTree = "<group>"; };
		29E188AC24DD54B500AA9AF3 /* NSString+LZMWebViewSDK.m */ = {isa = PBXFileReference; lastKnownFileType = sourcecode.c.objc; path = "NSString+LZMWebViewSDK.m"; sourceTree = "<group>"; };
		29E188AF24DD563200AA9AF3 /* WkScriptMessageDelegate.m */ = {isa = PBXFileReference; fileEncoding = 4; lastKnownFileType = sourcecode.c.objc; path = WkScriptMessageDelegate.m; sourceTree = "<group>"; };
		29E188B024DD563200AA9AF3 /* WkScriptMessageDelegate.h */ = {isa = PBXFileReference; fileEncoding = 4; lastKnownFileType = sourcecode.c.h; path = WkScriptMessageDelegate.h; sourceTree = "<group>"; };
		29E188B324DD56F100AA9AF3 /* LZMWebViewFunctionHandle.h */ = {isa = PBXFileReference; fileEncoding = 4; lastKnownFileType = sourcecode.c.h; path = LZMWebViewFunctionHandle.h; sourceTree = "<group>"; };
		29E188B424DD56F100AA9AF3 /* LZMWebViewFunctionHandle.m */ = {isa = PBXFileReference; fileEncoding = 4; lastKnownFileType = sourcecode.c.objc; path = LZMWebViewFunctionHandle.m; sourceTree = "<group>"; };
		29E188B724DD5B7000AA9AF3 /* test.html */ = {isa = PBXFileReference; fileEncoding = 4; lastKnownFileType = text.html; path = test.html; sourceTree = "<group>"; };
		32146E5CA053AC3E1CBE3DA4 /* Pods-LZMWebViewSDK.release.xcconfig */ = {isa = PBXFileReference; includeInIndex = 1; lastKnownFileType = text.xcconfig; name = "Pods-LZMWebViewSDK.release.xcconfig"; path = "Target Support Files/Pods-LZMWebViewSDK/Pods-LZMWebViewSDK.release.xcconfig"; sourceTree = "<group>"; };
		4AE791A89520993FEB674B26 /* Pods-LZMWebViewSDKExample.debug.xcconfig */ = {isa = PBXFileReference; includeInIndex = 1; lastKnownFileType = text.xcconfig; name = "Pods-LZMWebViewSDKExample.debug.xcconfig"; path = "Target Support Files/Pods-LZMWebViewSDKExample/Pods-LZMWebViewSDKExample.debug.xcconfig"; sourceTree = "<group>"; };
		AFCB4890F547B05B60E10968 /* Pods_LZMWebViewSDK.framework */ = {isa = PBXFileReference; explicitFileType = wrapper.framework; includeInIndex = 0; path = Pods_LZMWebViewSDK.framework; sourceTree = BUILT_PRODUCTS_DIR; };
		E95518B5AEF57B4D3AB8AB1B /* Pods_LZMWebViewSDKExample.framework */ = {isa = PBXFileReference; explicitFileType = wrapper.framework; includeInIndex = 0; path = Pods_LZMWebViewSDKExample.framework; sourceTree = BUILT_PRODUCTS_DIR; };
		F16828AA75739CA5AF9F8C76 /* Pods-LZMWebViewSDKExample.release.xcconfig */ = {isa = PBXFileReference; includeInIndex = 1; lastKnownFileType = text.xcconfig; name = "Pods-LZMWebViewSDKExample.release.xcconfig"; path = "Target Support Files/Pods-LZMWebViewSDKExample/Pods-LZMWebViewSDKExample.release.xcconfig"; sourceTree = "<group>"; };
/* End PBXFileReference section */

/* Begin PBXFrameworksBuildPhase section */
		29E1885824DD4BFB00AA9AF3 /* Frameworks */ = {
			isa = PBXFrameworksBuildPhase;
			buildActionMask = 2147483647;
			files = (
				A2650827C57B2AC1589387FC /* Pods_LZMWebViewSDK.framework in Frameworks */,
			);
			runOnlyForDeploymentPostprocessing = 0;
		};
		29E1888224DD4E3A00AA9AF3 /* Frameworks */ = {
			isa = PBXFrameworksBuildPhase;
			buildActionMask = 2147483647;
			files = (
				29E1889E24DD4E4700AA9AF3 /* LZMWebViewSDK.framework in Frameworks */,
				4362938615819CB173875294 /* Pods_LZMWebViewSDKExample.framework in Frameworks */,
			);
			runOnlyForDeploymentPostprocessing = 0;
		};
/* End PBXFrameworksBuildPhase section */

/* Begin PBXGroup section */
		29E1885124DD4BFB00AA9AF3 = {
			isa = PBXGroup;
			children = (
				29E1885D24DD4BFB00AA9AF3 /* LZMWebViewSDK */,
				29E1888624DD4E3A00AA9AF3 /* LZMWebViewSDKExample */,
				29E1885C24DD4BFB00AA9AF3 /* Products */,
				AB8C647448215D8DC0C49743 /* Pods */,
				A44E81DBCEBD7C351D82688E /* Frameworks */,
			);
			sourceTree = "<group>";
		};
		29E1885C24DD4BFB00AA9AF3 /* Products */ = {
			isa = PBXGroup;
			children = (
				29E1885B24DD4BFB00AA9AF3 /* LZMWebViewSDK.framework */,
				29E1888524DD4E3A00AA9AF3 /* LZMWebViewSDKExample.app */,
			);
			name = Products;
			sourceTree = "<group>";
		};
		29E1885D24DD4BFB00AA9AF3 /* LZMWebViewSDK */ = {
			isa = PBXGroup;
			children = (
				29E1887F24DD4E2200AA9AF3 /* LZMWebViewSDK.bundle */,
				29E1887624DD4DF400AA9AF3 /* WebView */,
				29E1887124DD4D7C00AA9AF3 /* Interface */,
				29E1886C24DD4CD100AA9AF3 /* Utils */,
				29E1886724DD4C3F00AA9AF3 /* LZMTestViewController.h */,
				29E1886624DD4C3F00AA9AF3 /* LZMTestViewController.m */,
				29E1885E24DD4BFB00AA9AF3 /* LZMWebViewSDK.h */,
				29E1885F24DD4BFB00AA9AF3 /* Info.plist */,
				29E1886A24DD4C8C00AA9AF3 /* PrefixHeader.pch */,
			);
			path = LZMWebViewSDK;
			sourceTree = "<group>";
		};
		29E1886C24DD4CD100AA9AF3 /* Utils */ = {
			isa = PBXGroup;
			children = (
				29E1886D24DD4CD100AA9AF3 /* LZMSDKUtils.h */,
				29E1886E24DD4CD100AA9AF3 /* LZMSDKUtils.m */,
				29E188A724DD53CE00AA9AF3 /* LZMWebViewHelper.h */,
				29E188A824DD53CE00AA9AF3 /* LZMWebViewHelper.m */,
				29E188AB24DD54B500AA9AF3 /* NSString+LZMWebViewSDK.h */,
				29E188AC24DD54B500AA9AF3 /* NSString+LZMWebViewSDK.m */,
				29E188B024DD563200AA9AF3 /* WkScriptMessageDelegate.h */,
				29E188AF24DD563200AA9AF3 /* WkScriptMessageDelegate.m */,
				29E188B324DD56F100AA9AF3 /* LZMWebViewFunctionHandle.h */,
				29E188B424DD56F100AA9AF3 /* LZMWebViewFunctionHandle.m */,
			);
			path = Utils;
			sourceTree = "<group>";
		};
		29E1887124DD4D7C00AA9AF3 /* Interface */ = {
			isa = PBXGroup;
			children = (
				29E1887224DD4D8300AA9AF3 /* LZMWebSDK.h */,
				29E1887324DD4D8300AA9AF3 /* LZMWebSDK.m */,
			);
			path = Interface;
			sourceTree = "<group>";
		};
		29E1887624DD4DF400AA9AF3 /* WebView */ = {
			isa = PBXGroup;
			children = (
				29E1887824DD4E1600AA9AF3 /* LZMWebViewNavView.h */,
				29E1887A24DD4E1600AA9AF3 /* LZMWebViewNavView.m */,
				29E1887924DD4E1600AA9AF3 /* LZMWebController.h */,
				29E1887724DD4E1600AA9AF3 /* LZMWebController.m */,
			);
			path = WebView;
			sourceTree = "<group>";
		};
		29E1888624DD4E3A00AA9AF3 /* LZMWebViewSDKExample */ = {
			isa = PBXGroup;
			children = (
				29E188B724DD5B7000AA9AF3 /* test.html */,
				29E1888724DD4E3A00AA9AF3 /* AppDelegate.h */,
				29E1888824DD4E3A00AA9AF3 /* AppDelegate.m */,
				29E1888D24DD4E3A00AA9AF3 /* ViewController.h */,
				29E1888E24DD4E3A00AA9AF3 /* ViewController.m */,
				29E1889024DD4E3B00AA9AF3 /* Main.storyboard */,
				29E1889324DD4E3C00AA9AF3 /* Assets.xcassets */,
				29E1889524DD4E3C00AA9AF3 /* LaunchScreen.storyboard */,
				29E1889824DD4E3C00AA9AF3 /* Info.plist */,
				29E1889924DD4E3C00AA9AF3 /* main.m */,
				29E188A424DD509500AA9AF3 /* DemoSDKDelegate.h */,
				29E188A524DD509500AA9AF3 /* DemoSDKDelegate.m */,
			);
			path = LZMWebViewSDKExample;
			sourceTree = "<group>";
		};
		A44E81DBCEBD7C351D82688E /* Frameworks */ = {
			isa = PBXGroup;
			children = (
				AFCB4890F547B05B60E10968 /* Pods_LZMWebViewSDK.framework */,
				E95518B5AEF57B4D3AB8AB1B /* Pods_LZMWebViewSDKExample.framework */,
			);
			name = Frameworks;
			sourceTree = "<group>";
		};
		AB8C647448215D8DC0C49743 /* Pods */ = {
			isa = PBXGroup;
			children = (
				0305F60343A1D5FCAA7C2641 /* Pods-LZMWebViewSDK.debug.xcconfig */,
				32146E5CA053AC3E1CBE3DA4 /* Pods-LZMWebViewSDK.release.xcconfig */,
				4AE791A89520993FEB674B26 /* Pods-LZMWebViewSDKExample.debug.xcconfig */,
				F16828AA75739CA5AF9F8C76 /* Pods-LZMWebViewSDKExample.release.xcconfig */,
			);
			path = Pods;
			sourceTree = "<group>";
		};
/* End PBXGroup section */

/* Begin PBXHeadersBuildPhase section */
		29E1885624DD4BFB00AA9AF3 /* Headers */ = {
			isa = PBXHeadersBuildPhase;
			buildActionMask = 2147483647;
			files = (
				29E1887D24DD4E1600AA9AF3 /* LZMWebController.h in Headers */,
				29E1887424DD4D8300AA9AF3 /* LZMWebSDK.h in Headers */,
				29E188AD24DD54B500AA9AF3 /* NSString+LZMWebViewSDK.h in Headers */,
				29E188B524DD56F100AA9AF3 /* LZMWebViewFunctionHandle.h in Headers */,
				29E1886024DD4BFB00AA9AF3 /* LZMWebViewSDK.h in Headers */,
				29E1886F24DD4CD100AA9AF3 /* LZMSDKUtils.h in Headers */,
				29E188A924DD53CE00AA9AF3 /* LZMWebViewHelper.h in Headers */,
				29E188B224DD563200AA9AF3 /* WkScriptMessageDelegate.h in Headers */,
				29E1886924DD4C3F00AA9AF3 /* LZMTestViewController.h in Headers */,
				29E1886B24DD4C8C00AA9AF3 /* PrefixHeader.pch in Headers */,
				29E1887C24DD4E1600AA9AF3 /* LZMWebViewNavView.h in Headers */,
			);
			runOnlyForDeploymentPostprocessing = 0;
		};
/* End PBXHeadersBuildPhase section */

/* Begin PBXNativeTarget section */
		29E1885A24DD4BFB00AA9AF3 /* LZMWebViewSDK */ = {
			isa = PBXNativeTarget;
			buildConfigurationList = 29E1886324DD4BFB00AA9AF3 /* Build configuration list for PBXNativeTarget "LZMWebViewSDK" */;
			buildPhases = (
				05C99E19155181E4FB3CEE64 /* [CP] Check Pods Manifest.lock */,
				29E1885624DD4BFB00AA9AF3 /* Headers */,
				29E1885724DD4BFB00AA9AF3 /* Sources */,
				29E1885824DD4BFB00AA9AF3 /* Frameworks */,
				29E1885924DD4BFB00AA9AF3 /* Resources */,
			);
			buildRules = (
			);
			dependencies = (
			);
			name = LZMWebViewSDK;
			productName = LZMWebViewSDK;
			productReference = 29E1885B24DD4BFB00AA9AF3 /* LZMWebViewSDK.framework */;
			productType = "com.apple.product-type.framework";
		};
		29E1888424DD4E3A00AA9AF3 /* LZMWebViewSDKExample */ = {
			isa = PBXNativeTarget;
			buildConfigurationList = 29E1889B24DD4E3C00AA9AF3 /* Build configuration list for PBXNativeTarget "LZMWebViewSDKExample" */;
			buildPhases = (
				7B466997FD92A2BAB040EECA /* [CP] Check Pods Manifest.lock */,
				29E1888124DD4E3A00AA9AF3 /* Sources */,
				29E1888224DD4E3A00AA9AF3 /* Frameworks */,
				29E1888324DD4E3A00AA9AF3 /* Resources */,
				29E188A224DD4E4700AA9AF3 /* Embed Frameworks */,
				D7FAA5548EB8B5958E8E2021 /* [CP] Embed Pods Frameworks */,
			);
			buildRules = (
			);
			dependencies = (
				29E188A124DD4E4700AA9AF3 /* PBXTargetDependency */,
			);
			name = LZMWebViewSDKExample;
			productName = LZMWebViewSDKExample;
			productReference = 29E1888524DD4E3A00AA9AF3 /* LZMWebViewSDKExample.app */;
			productType = "com.apple.product-type.application";
		};
/* End PBXNativeTarget section */

/* Begin PBXProject section */
		29E1885224DD4BFB00AA9AF3 /* Project object */ = {
			isa = PBXProject;
			attributes = {
				LastUpgradeCheck = 1160;
				ORGANIZATIONNAME = SZ_LZM;
				TargetAttributes = {
					29E1885A24DD4BFB00AA9AF3 = {
						CreatedOnToolsVersion = 11.6;
					};
					29E1888424DD4E3A00AA9AF3 = {
						CreatedOnToolsVersion = 11.6;
					};
				};
			};
			buildConfigurationList = 29E1885524DD4BFB00AA9AF3 /* Build configuration list for PBXProject "LZMWebViewSDK" */;
			compatibilityVersion = "Xcode 9.3";
			developmentRegion = en;
			hasScannedForEncodings = 0;
			knownRegions = (
				en,
				Base,
			);
			mainGroup = 29E1885124DD4BFB00AA9AF3;
			productRefGroup = 29E1885C24DD4BFB00AA9AF3 /* Products */;
			projectDirPath = "";
			projectRoot = "";
			targets = (
				29E1885A24DD4BFB00AA9AF3 /* LZMWebViewSDK */,
				29E1888424DD4E3A00AA9AF3 /* LZMWebViewSDKExample */,
			);
		};
/* End PBXProject section */

/* Begin PBXResourcesBuildPhase section */
		29E1885924DD4BFB00AA9AF3 /* Resources */ = {
			isa = PBXResourcesBuildPhase;
			buildActionMask = 2147483647;
			files = (
				29E1888024DD4E2200AA9AF3 /* LZMWebViewSDK.bundle in Resources */,
			);
			runOnlyForDeploymentPostprocessing = 0;
		};
		29E1888324DD4E3A00AA9AF3 /* Resources */ = {
			isa = PBXResourcesBuildPhase;
			buildActionMask = 2147483647;
			files = (
				29E188A324DD4FF700AA9AF3 /* LZMWebViewSDK.bundle in Resources */,
				29E1889724DD4E3C00AA9AF3 /* LaunchScreen.storyboard in Resources */,
				29E1889424DD4E3C00AA9AF3 /* Assets.xcassets in Resources */,
				29E188B824DD5B7000AA9AF3 /* test.html in Resources */,
				29E1889224DD4E3B00AA9AF3 /* Main.storyboard in Resources */,
			);
			runOnlyForDeploymentPostprocessing = 0;
		};
/* End PBXResourcesBuildPhase section */

/* Begin PBXShellScriptBuildPhase section */
		05C99E19155181E4FB3CEE64 /* [CP] Check Pods Manifest.lock */ = {
			isa = PBXShellScriptBuildPhase;
			buildActionMask = 2147483647;
			files = (
			);
			inputFileListPaths = (
			);
			inputPaths = (
				"${PODS_PODFILE_DIR_PATH}/Podfile.lock",
				"${PODS_ROOT}/Manifest.lock",
			);
			name = "[CP] Check Pods Manifest.lock";
			outputFileListPaths = (
			);
			outputPaths = (
				"$(DERIVED_FILE_DIR)/Pods-LZMWebViewSDK-checkManifestLockResult.txt",
			);
			runOnlyForDeploymentPostprocessing = 0;
			shellPath = /bin/sh;
			shellScript = "diff \"${PODS_PODFILE_DIR_PATH}/Podfile.lock\" \"${PODS_ROOT}/Manifest.lock\" > /dev/null\nif [ $? != 0 ] ; then\n    # print error to STDERR\n    echo \"error: The sandbox is not in sync with the Podfile.lock. Run 'pod install' or update your CocoaPods installation.\" >&2\n    exit 1\nfi\n# This output is used by Xcode 'outputs' to avoid re-running this script phase.\necho \"SUCCESS\" > \"${SCRIPT_OUTPUT_FILE_0}\"\n";
			showEnvVarsInLog = 0;
		};
		7B466997FD92A2BAB040EECA /* [CP] Check Pods Manifest.lock */ = {
			isa = PBXShellScriptBuildPhase;
			buildActionMask = 2147483647;
			files = (
			);
			inputFileListPaths = (
			);
			inputPaths = (
				"${PODS_PODFILE_DIR_PATH}/Podfile.lock",
				"${PODS_ROOT}/Manifest.lock",
			);
			name = "[CP] Check Pods Manifest.lock";
			outputFileListPaths = (
			);
			outputPaths = (
				"$(DERIVED_FILE_DIR)/Pods-LZMWebViewSDKExample-checkManifestLockResult.txt",
			);
			runOnlyForDeploymentPostprocessing = 0;
			shellPath = /bin/sh;
			shellScript = "diff \"${PODS_PODFILE_DIR_PATH}/Podfile.lock\" \"${PODS_ROOT}/Manifest.lock\" > /dev/null\nif [ $? != 0 ] ; then\n    # print error to STDERR\n    echo \"error: The sandbox is not in sync with the Podfile.lock. Run 'pod install' or update your CocoaPods installation.\" >&2\n    exit 1\nfi\n# This output is used by Xcode 'outputs' to avoid re-running this script phase.\necho \"SUCCESS\" > \"${SCRIPT_OUTPUT_FILE_0}\"\n";
			showEnvVarsInLog = 0;
		};
		D7FAA5548EB8B5958E8E2021 /* [CP] Embed Pods Frameworks */ = {
			isa = PBXShellScriptBuildPhase;
			buildActionMask = 2147483647;
			files = (
			);
			inputFileListPaths = (
				"${PODS_ROOT}/Target Support Files/Pods-LZMWebViewSDKExample/Pods-LZMWebViewSDKExample-frameworks-${CONFIGURATION}-input-files.xcfilelist",
			);
			name = "[CP] Embed Pods Frameworks";
			outputFileListPaths = (
				"${PODS_ROOT}/Target Support Files/Pods-LZMWebViewSDKExample/Pods-LZMWebViewSDKExample-frameworks-${CONFIGURATION}-output-files.xcfilelist",
			);
			runOnlyForDeploymentPostprocessing = 0;
			shellPath = /bin/sh;
			shellScript = "\"${PODS_ROOT}/Target Support Files/Pods-LZMWebViewSDKExample/Pods-LZMWebViewSDKExample-frameworks.sh\"\n";
			showEnvVarsInLog = 0;
		};
/* End PBXShellScriptBuildPhase section */

/* Begin PBXSourcesBuildPhase section */
		29E1885724DD4BFB00AA9AF3 /* Sources */ = {
			isa = PBXSourcesBuildPhase;
			buildActionMask = 2147483647;
			files = (
				29E188B624DD56F100AA9AF3 /* LZMWebViewFunctionHandle.m in Sources */,
				29E1887024DD4CD100AA9AF3 /* LZMSDKUtils.m in Sources */,
				29E1887524DD4D8300AA9AF3 /* LZMWebSDK.m in Sources */,
				29E1887E24DD4E1600AA9AF3 /* LZMWebViewNavView.m in Sources */,
				29E188B124DD563200AA9AF3 /* WkScriptMessageDelegate.m in Sources */,
				29E188AA24DD53CE00AA9AF3 /* LZMWebViewHelper.m in Sources */,
				29E188AE24DD54B500AA9AF3 /* NSString+LZMWebViewSDK.m in Sources */,
				29E1887B24DD4E1600AA9AF3 /* LZMWebController.m in Sources */,
				29E1886824DD4C3F00AA9AF3 /* LZMTestViewController.m in Sources */,
			);
			runOnlyForDeploymentPostprocessing = 0;
		};
		29E1888124DD4E3A00AA9AF3 /* Sources */ = {
			isa = PBXSourcesBuildPhase;
			buildActionMask = 2147483647;
			files = (
				29E1888F24DD4E3A00AA9AF3 /* ViewController.m in Sources */,
				29E1888924DD4E3A00AA9AF3 /* AppDelegate.m in Sources */,
				29E188A624DD509500AA9AF3 /* DemoSDKDelegate.m in Sources */,
				29E1889A24DD4E3C00AA9AF3 /* main.m in Sources */,
			);
			runOnlyForDeploymentPostprocessing = 0;
		};
/* End PBXSourcesBuildPhase section */

/* Begin PBXTargetDependency section */
		29E188A124DD4E4700AA9AF3 /* PBXTargetDependency */ = {
			isa = PBXTargetDependency;
			target = 29E1885A24DD4BFB00AA9AF3 /* LZMWebViewSDK */;
			targetProxy = 29E188A024DD4E4700AA9AF3 /* PBXContainerItemProxy */;
		};
/* End PBXTargetDependency section */

/* Begin PBXVariantGroup section */
		29E1889024DD4E3B00AA9AF3 /* Main.storyboard */ = {
			isa = PBXVariantGroup;
			children = (
				29E1889124DD4E3B00AA9AF3 /* Base */,
			);
			name = Main.storyboard;
			sourceTree = "<group>";
		};
		29E1889524DD4E3C00AA9AF3 /* LaunchScreen.storyboard */ = {
			isa = PBXVariantGroup;
			children = (
				29E1889624DD4E3C00AA9AF3 /* Base */,
			);
			name = LaunchScreen.storyboard;
			sourceTree = "<group>";
		};
/* End PBXVariantGroup section */

/* Begin XCBuildConfiguration section */
		29E1886124DD4BFB00AA9AF3 /* Debug */ = {
			isa = XCBuildConfiguration;
			buildSettings = {
				ALWAYS_SEARCH_USER_PATHS = NO;
				CLANG_ANALYZER_NONNULL = YES;
				CLANG_ANALYZER_NUMBER_OBJECT_CONVERSION = YES_AGGRESSIVE;
				CLANG_CXX_LANGUAGE_STANDARD = "gnu++14";
				CLANG_CXX_LIBRARY = "libc++";
				CLANG_ENABLE_MODULES = YES;
				CLANG_ENABLE_OBJC_ARC = YES;
				CLANG_ENABLE_OBJC_WEAK = YES;
				CLANG_WARN_BLOCK_CAPTURE_AUTORELEASING = YES;
				CLANG_WARN_BOOL_CONVERSION = YES;
				CLANG_WARN_COMMA = YES;
				CLANG_WARN_CONSTANT_CONVERSION = YES;
				CLANG_WARN_DEPRECATED_OBJC_IMPLEMENTATIONS = YES;
				CLANG_WARN_DIRECT_OBJC_ISA_USAGE = YES_ERROR;
				CLANG_WARN_DOCUMENTATION_COMMENTS = YES;
				CLANG_WARN_EMPTY_BODY = YES;
				CLANG_WARN_ENUM_CONVERSION = YES;
				CLANG_WARN_INFINITE_RECURSION = YES;
				CLANG_WARN_INT_CONVERSION = YES;
				CLANG_WARN_NON_LITERAL_NULL_CONVERSION = YES;
				CLANG_WARN_OBJC_IMPLICIT_RETAIN_SELF = YES;
				CLANG_WARN_OBJC_LITERAL_CONVERSION = YES;
				CLANG_WARN_OBJC_ROOT_CLASS = YES_ERROR;
				CLANG_WARN_RANGE_LOOP_ANALYSIS = YES;
				CLANG_WARN_STRICT_PROTOTYPES = YES;
				CLANG_WARN_SUSPICIOUS_MOVE = YES;
				CLANG_WARN_UNGUARDED_AVAILABILITY = YES_AGGRESSIVE;
				CLANG_WARN_UNREACHABLE_CODE = YES;
				CLANG_WARN__DUPLICATE_METHOD_MATCH = YES;
				COPY_PHASE_STRIP = NO;
				CURRENT_PROJECT_VERSION = 1;
				DEBUG_INFORMATION_FORMAT = dwarf;
				ENABLE_STRICT_OBJC_MSGSEND = YES;
				ENABLE_TESTABILITY = YES;
				GCC_C_LANGUAGE_STANDARD = gnu11;
				GCC_DYNAMIC_NO_PIC = NO;
				GCC_NO_COMMON_BLOCKS = YES;
				GCC_OPTIMIZATION_LEVEL = 0;
				GCC_PREPROCESSOR_DEFINITIONS = (
					"DEBUG=1",
					"$(inherited)",
				);
				GCC_WARN_64_TO_32_BIT_CONVERSION = YES;
				GCC_WARN_ABOUT_RETURN_TYPE = YES_ERROR;
				GCC_WARN_UNDECLARED_SELECTOR = YES;
				GCC_WARN_UNINITIALIZED_AUTOS = YES_AGGRESSIVE;
				GCC_WARN_UNUSED_FUNCTION = YES;
				GCC_WARN_UNUSED_VARIABLE = YES;
				IPHONEOS_DEPLOYMENT_TARGET = 13.6;
				MTL_ENABLE_DEBUG_INFO = INCLUDE_SOURCE;
				MTL_FAST_MATH = YES;
				ONLY_ACTIVE_ARCH = YES;
				SDKROOT = iphoneos;
				VERSIONING_SYSTEM = "apple-generic";
				VERSION_INFO_PREFIX = "";
			};
			name = Debug;
		};
		29E1886224DD4BFB00AA9AF3 /* Release */ = {
			isa = XCBuildConfiguration;
			buildSettings = {
				ALWAYS_SEARCH_USER_PATHS = NO;
				CLANG_ANALYZER_NONNULL = YES;
				CLANG_ANALYZER_NUMBER_OBJECT_CONVERSION = YES_AGGRESSIVE;
				CLANG_CXX_LANGUAGE_STANDARD = "gnu++14";
				CLANG_CXX_LIBRARY = "libc++";
				CLANG_ENABLE_MODULES = YES;
				CLANG_ENABLE_OBJC_ARC = YES;
				CLANG_ENABLE_OBJC_WEAK = YES;
				CLANG_WARN_BLOCK_CAPTURE_AUTORELEASING = YES;
				CLANG_WARN_BOOL_CONVERSION = YES;
				CLANG_WARN_COMMA = YES;
				CLANG_WARN_CONSTANT_CONVERSION = YES;
				CLANG_WARN_DEPRECATED_OBJC_IMPLEMENTATIONS = YES;
				CLANG_WARN_DIRECT_OBJC_ISA_USAGE = YES_ERROR;
				CLANG_WARN_DOCUMENTATION_COMMENTS = YES;
				CLANG_WARN_EMPTY_BODY = YES;
				CLANG_WARN_ENUM_CONVERSION = YES;
				CLANG_WARN_INFINITE_RECURSION = YES;
				CLANG_WARN_INT_CONVERSION = YES;
				CLANG_WARN_NON_LITERAL_NULL_CONVERSION = YES;
				CLANG_WARN_OBJC_IMPLICIT_RETAIN_SELF = YES;
				CLANG_WARN_OBJC_LITERAL_CONVERSION = YES;
				CLANG_WARN_OBJC_ROOT_CLASS = YES_ERROR;
				CLANG_WARN_RANGE_LOOP_ANALYSIS = YES;
				CLANG_WARN_STRICT_PROTOTYPES = YES;
				CLANG_WARN_SUSPICIOUS_MOVE = YES;
				CLANG_WARN_UNGUARDED_AVAILABILITY = YES_AGGRESSIVE;
				CLANG_WARN_UNREACHABLE_CODE = YES;
				CLANG_WARN__DUPLICATE_METHOD_MATCH = YES;
				COPY_PHASE_STRIP = NO;
				CURRENT_PROJECT_VERSION = 1;
				DEBUG_INFORMATION_FORMAT = "dwarf-with-dsym";
				ENABLE_NS_ASSERTIONS = NO;
				ENABLE_STRICT_OBJC_MSGSEND = YES;
				GCC_C_LANGUAGE_STANDARD = gnu11;
				GCC_NO_COMMON_BLOCKS = YES;
				GCC_WARN_64_TO_32_BIT_CONVERSION = YES;
				GCC_WARN_ABOUT_RETURN_TYPE = YES_ERROR;
				GCC_WARN_UNDECLARED_SELECTOR = YES;
				GCC_WARN_UNINITIALIZED_AUTOS = YES_AGGRESSIVE;
				GCC_WARN_UNUSED_FUNCTION = YES;
				GCC_WARN_UNUSED_VARIABLE = YES;
				IPHONEOS_DEPLOYMENT_TARGET = 13.6;
				MTL_ENABLE_DEBUG_INFO = NO;
				MTL_FAST_MATH = YES;
				SDKROOT = iphoneos;
				VALIDATE_PRODUCT = YES;
				VERSIONING_SYSTEM = "apple-generic";
				VERSION_INFO_PREFIX = "";
			};
			name = Release;
		};
		29E1886424DD4BFB00AA9AF3 /* Debug */ = {
			isa = XCBuildConfiguration;
			baseConfigurationReference = 0305F60343A1D5FCAA7C2641 /* Pods-LZMWebViewSDK.debug.xcconfig */;
			buildSettings = {
				CODE_SIGN_STYLE = Automatic;
				DEFINES_MODULE = YES;
				DEVELOPMENT_TEAM = 7YH24V94ZC;
				DYLIB_COMPATIBILITY_VERSION = 1;
				DYLIB_CURRENT_VERSION = 1;
				DYLIB_INSTALL_NAME_BASE = "@rpath";
				ENABLE_BITCODE = NO;
				GCC_PREFIX_HEADER = LZMWebViewSDK/PrefixHeader.pch;
				INFOPLIST_FILE = LZMWebViewSDK/Info.plist;
				INSTALL_PATH = "$(LOCAL_LIBRARY_DIR)/Frameworks";
				IPHONEOS_DEPLOYMENT_TARGET = 8.0;
				LD_RUNPATH_SEARCH_PATHS = (
					"$(inherited)",
					"@executable_path/Frameworks",
					"@loader_path/Frameworks",
				);
				MACH_O_TYPE = staticlib;
				ONLY_ACTIVE_ARCH = NO;
				PRODUCT_BUNDLE_IDENTIFIER = com.lzm.LZMWebViewSDK;
				PRODUCT_NAME = "$(TARGET_NAME:c99extidentifier)";
				SKIP_INSTALL = YES;
				SUPPORTS_MACCATALYST = NO;
				TARGETED_DEVICE_FAMILY = 1;
			};
			name = Debug;
		};
		29E1886524DD4BFB00AA9AF3 /* Release */ = {
			isa = XCBuildConfiguration;
			baseConfigurationReference = 32146E5CA053AC3E1CBE3DA4 /* Pods-LZMWebViewSDK.release.xcconfig */;
			buildSettings = {
				CODE_SIGN_STYLE = Automatic;
				DEFINES_MODULE = YES;
				DEVELOPMENT_TEAM = 7YH24V94ZC;
				DYLIB_COMPATIBILITY_VERSION = 1;
				DYLIB_CURRENT_VERSION = 1;
				DYLIB_INSTALL_NAME_BASE = "@rpath";
				ENABLE_BITCODE = NO;
				GCC_PREFIX_HEADER = LZMWebViewSDK/PrefixHeader.pch;
				INFOPLIST_FILE = LZMWebViewSDK/Info.plist;
				INSTALL_PATH = "$(LOCAL_LIBRARY_DIR)/Frameworks";
				IPHONEOS_DEPLOYMENT_TARGET = 8.0;
				LD_RUNPATH_SEARCH_PATHS = (
					"$(inherited)",
					"@executable_path/Frameworks",
					"@loader_path/Frameworks",
				);
				MACH_O_TYPE = staticlib;
				ONLY_ACTIVE_ARCH = NO;
				PRODUCT_BUNDLE_IDENTIFIER = com.lzm.LZMWebViewSDK;
				PRODUCT_NAME = "$(TARGET_NAME:c99extidentifier)";
				SKIP_INSTALL = YES;
				SUPPORTS_MACCATALYST = NO;
				TARGETED_DEVICE_FAMILY = 1;
			};
			name = Release;
		};
		29E1889C24DD4E3C00AA9AF3 /* Debug */ = {
			isa = XCBuildConfiguration;
			baseConfigurationReference = 4AE791A89520993FEB674B26 /* Pods-LZMWebViewSDKExample.debug.xcconfig */;
			buildSettings = {
				ASSETCATALOG_COMPILER_APPICON_NAME = AppIcon;
				CODE_SIGN_STYLE = Automatic;
				DEVELOPMENT_TEAM = 7YH24V94ZC;
				INFOPLIST_FILE = LZMWebViewSDKExample/Info.plist;
				IPHONEOS_DEPLOYMENT_TARGET = 8.0;
				LD_RUNPATH_SEARCH_PATHS = (
					"$(inherited)",
					"@executable_path/Frameworks",
				);
				PRODUCT_BUNDLE_IDENTIFIER = com.lzm.LZMWebViewSDKExample;
				PRODUCT_NAME = "$(TARGET_NAME)";
				TARGETED_DEVICE_FAMILY = 1;
			};
			name = Debug;
		};
		29E1889D24DD4E3C00AA9AF3 /* Release */ = {
			isa = XCBuildConfiguration;
			baseConfigurationReference = F16828AA75739CA5AF9F8C76 /* Pods-LZMWebViewSDKExample.release.xcconfig */;
			buildSettings = {
				ASSETCATALOG_COMPILER_APPICON_NAME = AppIcon;
				CODE_SIGN_STYLE = Automatic;
				DEVELOPMENT_TEAM = 7YH24V94ZC;
				INFOPLIST_FILE = LZMWebViewSDKExample/Info.plist;
				IPHONEOS_DEPLOYMENT_TARGET = 8.0;
				LD_RUNPATH_SEARCH_PATHS = (
					"$(inherited)",
					"@executable_path/Frameworks",
				);
				PRODUCT_BUNDLE_IDENTIFIER = com.lzm.LZMWebViewSDKExample;
				PRODUCT_NAME = "$(TARGET_NAME)";
				TARGETED_DEVICE_FAMILY = 1;
			};
			name = Release;
		};
/* End XCBuildConfiguration section */

/* Begin XCConfigurationList section */
		29E1885524DD4BFB00AA9AF3 /* Build configuration list for PBXProject "LZMWebViewSDK" */ = {
			isa = XCConfigurationList;
			buildConfigurations = (
				29E1886124DD4BFB00AA9AF3 /* Debug */,
				29E1886224DD4BFB00AA9AF3 /* Release */,
			);
			defaultConfigurationIsVisible = 0;
			defaultConfigurationName = Release;
		};
		29E1886324DD4BFB00AA9AF3 /* Build configuration list for PBXNativeTarget "LZMWebViewSDK" */ = {
			isa = XCConfigurationList;
			buildConfigurations = (
				29E1886424DD4BFB00AA9AF3 /* Debug */,
				29E1886524DD4BFB00AA9AF3 /* Release */,
			);
			defaultConfigurationIsVisible = 0;
			defaultConfigurationName = Release;
		};
		29E1889B24DD4E3C00AA9AF3 /* Build configuration list for PBXNativeTarget "LZMWebViewSDKExample" */ = {
			isa = XCConfigurationList;
			buildConfigurations = (
				29E1889C24DD4E3C00AA9AF3 /* Debug */,
				29E1889D24DD4E3C00AA9AF3 /* Release */,
			);
			defaultConfigurationIsVisible = 0;
			defaultConfigurationName = Release;
		};
/* End XCConfigurationList section */
	};
	rootObject = 29E1885224DD4BFB00AA9AF3 /* Project object */;
}
